// !$*UTF8*$!
{
	archiveVersion = 1;
	classes = {
	};
	objectVersion = 77;
	objects = {

/* Begin PBXBuildFile section */
		171D64CF8CE8AC58A2B4D333 /* XlsOneMacApp.swift in Sources */ = {isa = PBXBuildFile; fileRef = B7B6B8A5579C4273C903FACE /* XlsOneMacApp.swift */; };
		3F740F0DDDB56C94CD13C15C /* Assets.xcassets in Resources */ = {isa = PBXBuildFile; fileRef = 8CD637D1C5D917EEFCBE3A6B /* Assets.xcassets */; };
		B707DD5F3FF9707ED0B279D9 /* xlsOneUI in Frameworks */ = {isa = PBXBuildFile; productRef = 866161527D52B5620037F0BD /* xlsOneUI */; };
		F9198FDE50AAF89DDF9BCA0A /* PrivacyInfo.xcprivacy in Resources */ = {isa = PBXBuildFile; fileRef = 19D059E496C3AB5B06D6C9E6 /* PrivacyInfo.xcprivacy */; };
/* End PBXBuildFile section */

/* Begin PBXFileReference section */
		19D059E496C3AB5B06D6C9E6 /* PrivacyInfo.xcprivacy */ = {isa = PBXFileReference; path = PrivacyInfo.xcprivacy; sourceTree = "<group>"; };
		1E40B63B8E5E650A73B8115D /* xlsOne */ = {isa = PBXFileReference; lastKnownFileType = folder; name = xlsOne; path = .; sourceTree = SOURCE_ROOT; };
		824996CCCC896EE69D887E00 /* xlsOneMacApp.app */ = {isa = PBXFileReference; explicitFileType = wrapper.application; includeInIndex = 0; path = xlsOneMacApp.app; sourceTree = BUILT_PRODUCTS_DIR; };
		8265A8F45629C01AB30D53A3 /* xlsOneMacApp.entitlements */ = {isa = PBXFileReference; lastKnownFileType = text.plist.entitlements; path = xlsOneMacApp.entitlements; sourceTree = "<group>"; };
		8CD637D1C5D917EEFCBE3A6B /* Assets.xcassets */ = {isa = PBXFileReference; lastKnownFileType = folder.assetcatalog; path = Assets.xcassets; sourceTree = "<group>"; };
		9F8B4B78B857D0E0F96E4D24 /* Info.plist */ = {isa = PBXFileReference; lastKnownFileType = text.plist; path = Info.plist; sourceTree = "<group>"; };
		B7B6B8A5579C4273C903FACE /* XlsOneMacApp.swift */ = {isa = PBXFileReference; lastKnownFileType = sourcecode.swift; path = XlsOneMacApp.swift; sourceTree = "<group>"; };
/* End PBXFileReference section */

/* Begin PBXFrameworksBuildPhase section */
		6111942475C154ABADD0E847 /* Frameworks */ = {
			isa = PBXFrameworksBuildPhase;
			buildActionMask = 2147483647;
			files = (
				B707DD5F3FF9707ED0B279D9 /* xlsOneUI in Frameworks */,
			);
			runOnlyForDeploymentPostprocessing = 0;
		};
/* End PBXFrameworksBuildPhase section */

/* Begin PBXGroup section */
		51686077C2B8CD005683B85B /* xlsOneMacApp */ = {
			isa = PBXGroup;
			children = (
				8CD637D1C5D917EEFCBE3A6B /* Assets.xcassets */,
				9F8B4B78B857D0E0F96E4D24 /* Info.plist */,
				19D059E496C3AB5B06D6C9E6 /* PrivacyInfo.xcprivacy */,
				8265A8F45629C01AB30D53A3 /* xlsOneMacApp.entitlements */,
				B7B6B8A5579C4273C903FACE /* XlsOneMacApp.swift */,
			);
			path = xlsOneMacApp;
			sourceTree = "<group>";
		};
		7361A383A20ED13B4ED756FC /* Products */ = {
			isa = PBXGroup;
			children = (
				824996CCCC896EE69D887E00 /* xlsOneMacApp.app */,
			);
			name = Products;
			sourceTree = "<group>";
		};
		9BB969CAA2FF5B5E063085A3 = {
			isa = PBXGroup;
			children = (
				B3A44CC3064055DB4B81B922 /* App */,
				C0EA0A6DD3941E47EA7708EF /* Packages */,
				7361A383A20ED13B4ED756FC /* Products */,
			);
			sourceTree = "<group>";
		};
		B3A44CC3064055DB4B81B922 /* App */ = {
			isa = PBXGroup;
			children = (
				51686077C2B8CD005683B85B /* xlsOneMacApp */,
			);
			path = App;
			sourceTree = "<group>";
		};
		C0EA0A6DD3941E47EA7708EF /* Packages */ = {
			isa = PBXGroup;
			children = (
				1E40B63B8E5E650A73B8115D /* xlsOne */,
			);
			name = Packages;
			sourceTree = "<group>";
		};
/* End PBXGroup section */

/* Begin PBXNativeTarget section */
		8894ED5D3AD3E9A2389E7E64 /* xlsOneMacApp */ = {
			isa = PBXNativeTarget;
			buildConfigurationList = 771B510EDBD2C6360BE1B240 /* Build configuration list for PBXNativeTarget "xlsOneMacApp" */;
			buildPhases = (
				C65E285C774253386B9F714F /* Sources */,
				C10520B41F6C4C95629FC4A2 /* Resources */,
				6111942475C154ABADD0E847 /* Frameworks */,
			);
			buildRules = (
			);
			dependencies = (
			);
			name = xlsOneMacApp;
			packageProductDependencies = (
				866161527D52B5620037F0BD /* xlsOneUI */,
			);
			productName = xlsOneMacApp;
			productReference = 824996CCCC896EE69D887E00 /* xlsOneMacApp.app */;
			productType = "com.apple.product-type.application";
		};
/* End PBXNativeTarget section */

/* Begin PBXProject section */
		D7FEDC7A870989982913D39A /* Project object */ = {
			isa = PBXProject;
			attributes = {
				BuildIndependentTargetsInParallel = YES;
				LastUpgradeCheck = 1430;
				TargetAttributes = {
					8894ED5D3AD3E9A2389E7E64 = {
						DevelopmentTeam = "$(XLSONE_DEVELOPMENT_TEAM)";
						ProvisioningStyle = Automatic;
					};
				};
			};
			buildConfigurationList = C8A59CE137BEFDF6CC2399A7 /* Build configuration list for PBXProject "xlsOne" */;
			compatibilityVersion = "Xcode 14.0";
			developmentRegion = en;
			hasScannedForEncodings = 0;
			knownRegions = (
				Base,
				en,
			);
			mainGroup = 9BB969CAA2FF5B5E063085A3;
			minimizedProjectReferenceProxies = 1;
			packageReferences = (
				F3428568CF766DB9BBF5E114 /* XCLocalSwiftPackageReference "." */,
			);
			preferredProjectObjectVersion = 77;
			projectDirPath = "";
			projectRoot = "";
			targets = (
				8894ED5D3AD3E9A2389E7E64 /* xlsOneMacApp */,
			);
		};
/* End PBXProject section */

/* Begin PBXResourcesBuildPhase section */
		C10520B41F6C4C95629FC4A2 /* Resources */ = {
			isa = PBXResourcesBuildPhase;
			buildActionMask = 2147483647;
			files = (
				3F740F0DDDB56C94CD13C15C /* Assets.xcassets in Resources */,
				F9198FDE50AAF89DDF9BCA0A /* PrivacyInfo.xcprivacy in Resources */,
			);
			runOnlyForDeploymentPostprocessing = 0;
		};
/* End PBXResourcesBuildPhase section */

/* Begin PBXSourcesBuildPhase section */
		C65E285C774253386B9F714F /* Sources */ = {
			isa = PBXSourcesBuildPhase;
			buildActionMask = 2147483647;
			files = (
				171D64CF8CE8AC58A2B4D333 /* XlsOneMacApp.swift in Sources */,
			);
			runOnlyForDeploymentPostprocessing = 0;
		};
/* End PBXSourcesBuildPhase section */

/* Begin XCBuildConfiguration section */
		15C8ADA1525F1C1B27851B3B /* Release */ = {
			isa = XCBuildConfiguration;
			buildSettings = {
				ASSETCATALOG_COMPILER_APPICON_NAME = AppIcon;
				CODE_SIGN_ENTITLEMENTS = App/xlsOneMacApp/xlsOneMacApp.entitlements;
				CODE_SIGN_STYLE = Automatic;
				COMBINE_HIDPI_IMAGES = YES;
				CURRENT_PROJECT_VERSION = 1;
				DEVELOPMENT_TEAM = "$(XLSONE_DEVELOPMENT_TEAM)";
				GENERATE_INFOPLIST_FILE = NO;
				INFOPLIST_FILE = App/xlsOneMacApp/Info.plist;
				LD_RUNPATH_SEARCH_PATHS = "$(inherited) @executable_path/../Frameworks";
				MACOSX_DEPLOYMENT_TARGET = 12.0;
				MARKETING_VERSION = 1.0.0;
				PRODUCT_BUNDLE_IDENTIFIER = com.xlsone.app;
				PRODUCT_NAME = xlsOne;
				SDKROOT = macosx;
				SUPPORTS_MACCATALYST = NO;
				SWIFT_VERSION = 5.9;
			};
			name = Release;
		};
		1F8263D60BCC4382DA47404C /* Debug */ = {
			isa = XCBuildConfiguration;
			buildSettings = {
				ALWAYS_SEARCH_USER_PATHS = NO;
				CLANG_ANALYZER_NONNULL = YES;
				CLANG_ANALYZER_NUMBER_OBJECT_CONVERSION = YES_AGGRESSIVE;
				CLANG_CXX_LANGUAGE_STANDARD = "gnu++14";
				CLANG_CXX_LIBRARY = "libc++";
				CLANG_ENABLE_MODULES = YES;
				CLANG_ENABLE_OBJC_ARC = YES;
				CLANG_ENABLE_OBJC_WEAK = YES;
				CLANG_WARN_BLOCK_CAPTURE_AUTORELEASING = YES;
				CLANG_WARN_BOOL_CONVERSION = YES;
				CLANG_WARN_COMMA = YES;
				CLANG_WARN_CONSTANT_CONVERSION = YES;
				CLANG_WARN_DEPRECATED_OBJC_IMPLEMENTATIONS = YES;
				CLANG_WARN_DIRECT_OBJC_ISA_USAGE = YES_ERROR;
				CLANG_WARN_DOCUMENTATION_COMMENTS = YES;
				CLANG_WARN_EMPTY_BODY = YES;
				CLANG_WARN_ENUM_CONVERSION = YES;
				CLANG_WARN_INFINITE_RECURSION = YES;
				CLANG_WARN_INT_CONVERSION = YES;
				CLANG_WARN_NON_LITERAL_NULL_CONVERSION = YES;
				CLANG_WARN_OBJC_IMPLICIT_RETAIN_SELF = YES;
				CLANG_WARN_OBJC_LITERAL_CONVERSION = YES;
				CLANG_WARN_OBJC_ROOT_CLASS = YES_ERROR;
				CLANG_WARN_QUOTED_INCLUDE_IN_FRAMEWORK_HEADER = YES;
				CLANG_WARN_RANGE_LOOP_ANALYSIS = YES;
				CLANG_WARN_STRICT_PROTOTYPES = YES;
				CLANG_WARN_SUSPICIOUS_MOVE = YES;
				CLANG_WARN_UNGUARDED_AVAILABILITY = YES_AGGRESSIVE;
				CLANG_WARN_UNREACHABLE_CODE = YES;
				CLANG_WARN__DUPLICATE_METHOD_MATCH = YES;
				COPY_PHASE_STRIP = NO;
				DEBUG_INFORMATION_FORMAT = dwarf;
				ENABLE_STRICT_OBJC_MSGSEND = YES;
				ENABLE_TESTABILITY = YES;
				GCC_C_LANGUAGE_STANDARD = gnu11;
				GCC_DYNAMIC_NO_PIC = NO;
				GCC_NO_COMMON_BLOCKS = YES;
				GCC_OPTIMIZATION_LEVEL = 0;
				GCC_PREPROCESSOR_DEFINITIONS = (
					"$(inherited)",
					"DEBUG=1",
				);
				GCC_WARN_64_TO_32_BIT_CONVERSION = YES;
				GCC_WARN_ABOUT_RETURN_TYPE = YES_ERROR;
				GCC_WARN_UNDECLARED_SELECTOR = YES;
				GCC_WARN_UNINITIALIZED_AUTOS = YES_AGGRESSIVE;
				GCC_WARN_UNUSED_FUNCTION = YES;
				GCC_WARN_UNUSED_VARIABLE = YES;
				MACOSX_DEPLOYMENT_TARGET = 12.0;
				MTL_ENABLE_DEBUG_INFO = INCLUDE_SOURCE;
				MTL_FAST_MATH = YES;
				ONLY_ACTIVE_ARCH = YES;
				PRODUCT_NAME = "$(TARGET_NAME)";
				SDKROOT = macosx;
				SWIFT_ACTIVE_COMPILATION_CONDITIONS = DEBUG;
				SWIFT_OPTIMIZATION_LEVEL = "-Onone";
				SWIFT_VERSION = 5.0;
			};
			name = Debug;
		};
		6E858606F19B483C8068FC6F /* Release */ = {
			isa = XCBuildConfiguration;
			buildSettings = {
				ALWAYS_SEARCH_USER_PATHS = NO;
				CLANG_ANALYZER_NONNULL = YES;
				CLANG_ANALYZER_NUMBER_OBJECT_CONVERSION = YES_AGGRESSIVE;
				CLANG_CXX_LANGUAGE_STANDARD = "gnu++14";
				CLANG_CXX_LIBRARY = "libc++";
				CLANG_ENABLE_MODULES = YES;
				CLANG_ENABLE_OBJC_ARC = YES;
				CLANG_ENABLE_OBJC_WEAK = YES;
				CLANG_WARN_BLOCK_CAPTURE_AUTORELEASING = YES;
				CLANG_WARN_BOOL_CONVERSION = YES;
				CLANG_WARN_COMMA = YES;
				CLANG_WARN_CONSTANT_CONVERSION = YES;
				CLANG_WARN_DEPRECATED_OBJC_IMPLEMENTATIONS = YES;
				CLANG_WARN_DIRECT_OBJC_ISA_USAGE = YES_ERROR;
				CLANG_WARN_DOCUMENTATION_COMMENTS = YES;
				CLANG_WARN_EMPTY_BODY = YES;
				CLANG_WARN_ENUM_CONVERSION = YES;
				CLANG_WARN_INFINITE_RECURSION = YES;
				CLANG_WARN_INT_CONVERSION = YES;
				CLANG_WARN_NON_LITERAL_NULL_CONVERSION = YES;
				CLANG_WARN_OBJC_IMPLICIT_RETAIN_SELF = YES;
				CLANG_WARN_OBJC_LITERAL_CONVERSION = YES;
				CLANG_WARN_OBJC_ROOT_CLASS = YES_ERROR;
				CLANG_WARN_QUOTED_INCLUDE_IN_FRAMEWORK_HEADER = YES;
				CLANG_WARN_RANGE_LOOP_ANALYSIS = YES;
				CLANG_WARN_STRICT_PROTOTYPES = YES;
				CLANG_WARN_SUSPICIOUS_MOVE = YES;
				CLANG_WARN_UNGUARDED_AVAILABILITY = YES_AGGRESSIVE;
				CLANG_WARN_UNREACHABLE_CODE = YES;
				CLANG_WARN__DUPLICATE_METHOD_MATCH = YES;
				COPY_PHASE_STRIP = NO;
				DEBUG_INFORMATION_FORMAT = "dwarf-with-dsym";
				ENABLE_NS_ASSERTIONS = NO;
				ENABLE_STRICT_OBJC_MSGSEND = YES;
				GCC_C_LANGUAGE_STANDARD = gnu11;
				GCC_NO_COMMON_BLOCKS = YES;
				GCC_WARN_64_TO_32_BIT_CONVERSION = YES;
				GCC_WARN_ABOUT_RETURN_TYPE = YES_ERROR;
				GCC_WARN_UNDECLARED_SELECTOR = YES;
				GCC_WARN_UNINITIALIZED_AUTOS = YES_AGGRESSIVE;
				GCC_WARN_UNUSED_FUNCTION = YES;
				GCC_WARN_UNUSED_VARIABLE = YES;
				MACOSX_DEPLOYMENT_TARGET = 12.0;
				MTL_ENABLE_DEBUG_INFO = NO;
				MTL_FAST_MATH = YES;
				PRODUCT_NAME = "$(TARGET_NAME)";
				SDKROOT = macosx;
				SWIFT_COMPILATION_MODE = wholemodule;
				SWIFT_OPTIMIZATION_LEVEL = "-O";
				SWIFT_VERSION = 5.0;
			};
			name = Release;
		};
		9216AB97761D64C880F73E02 /* Debug */ = {
			isa = XCBuildConfiguration;
			buildSettings = {
				ASSETCATALOG_COMPILER_APPICON_NAME = AppIcon;
				CODE_SIGN_ENTITLEMENTS = App/xlsOneMacApp/xlsOneMacApp.entitlements;
				CODE_SIGN_STYLE = Automatic;
				COMBINE_HIDPI_IMAGES = YES;
				CURRENT_PROJECT_VERSION = 1;
				DEVELOPMENT_TEAM = "$(XLSONE_DEVELOPMENT_TEAM)";
				GENERATE_INFOPLIST_FILE = NO;
				INFOPLIST_FILE = App/xlsOneMacApp/Info.plist;
				LD_RUNPATH_SEARCH_PATHS = "$(inherited) @executable_path/../Frameworks";
				MACOSX_DEPLOYMENT_TARGET = 12.0;
				MARKETING_VERSION = 1.0.0;
				PRODUCT_BUNDLE_IDENTIFIER = com.xlsone.app;
				PRODUCT_NAME = xlsOne;
				SDKROOT = macosx;
				SUPPORTS_MACCATALYST = NO;
				SWIFT_VERSION = 5.9;
			};
			name = Debug;
		};
/* End XCBuildConfiguration section */

/* Begin XCConfigurationList section */
		771B510EDBD2C6360BE1B240 /* Build configuration list for PBXNativeTarget "xlsOneMacApp" */ = {
			isa = XCConfigurationList;
			buildConfigurations = (
				9216AB97761D64C880F73E02 /* Debug */,
				15C8ADA1525F1C1B27851B3B /* Release */,
			);
			defaultConfigurationIsVisible = 0;
			defaultConfigurationName = Debug;
		};
		C8A59CE137BEFDF6CC2399A7 /* Build configuration list for PBXProject "xlsOne" */ = {
			isa = XCConfigurationList;
			buildConfigurations = (
				1F8263D60BCC4382DA47404C /* Debug */,
				6E858606F19B483C8068FC6F /* Release */,
			);
			defaultConfigurationIsVisible = 0;
			defaultConfigurationName = Debug;
		};
/* End XCConfigurationList section */

/* Begin XCLocalSwiftPackageReference section */
		F3428568CF766DB9BBF5E114 /* XCLocalSwiftPackageReference "." */ = {
			isa = XCLocalSwiftPackageReference;
			relativePath = .;
		};
/* End XCLocalSwiftPackageReference section */

/* Begin XCSwiftPackageProductDependency section */
		866161527D52B5620037F0BD /* xlsOneUI */ = {
			isa = XCSwiftPackageProductDependency;
			productName = xlsOneUI;
		};
/* End XCSwiftPackageProductDependency section */
	};
	rootObject = D7FEDC7A870989982913D39A /* Project object */;
}
